
Microsoft Visual Studio Solution File, Format Version 12.00
# Visual Studio Version 16
VisualStudioVersion = 16.0.29905.134
MinimumVisualStudioVersion = 10.0.40219.1
Project("{FAE04EC0-301F-11D3-BF4B-00C04F79EFBC}") = "ContactBook", "ContactBook\ContactBook.csproj", "{67D8C3DB-AC81-4474-8099-305B0C37316D}"
EndProject
Global
	GlobalSection(SolutionConfigurationPlatforms) = preSolution
		Debug|Any CPU = Debug|Any CPU
		Release|Any CPU = Release|Any CPU
	EndGlobalSection
	GlobalSection(ProjectConfigurationPlatforms) = postSolution
		{67D8C3DB-AC81-4474-8099-305B0C37316D}.Debug|Any CPU.ActiveCfg = Debug|Any CPU
		{67D8C3DB-AC81-4474-8099-305B0C37316D}.Debug|Any CPU.Build.0 = Debug|Any CPU
		{67D8C3DB-AC81-4474-8099-305B0C37316D}.Release|Any CPU.ActiveCfg = Release|Any CPU
		{67D8C3DB-AC81-4474-8099-305B0C37316D}.Release|Any CPU.Build.0 = Release|Any CPU
	EndGlobalSection
	GlobalSection(SolutionProperties) = preSolution
		HideSolutionNode = FALSE
	EndGlobalSection
	GlobalSection(ExtensibilityGlobals) = postSolution
		SolutionGuid = {93B7947C-BB20-4036-A575-9EFE39FEA35E}
	EndGlobalSection
EndGlobal
